// !$*UTF8*$!
{
	archiveVersion = 1;
	classes = {
	};
	objectVersion = 48;
	objects = {

/* Begin PBXBuildFile section */
		57EACD621FD99F1A0099A04D /* AppDelegate.swift in Sources */ = {isa = PBXBuildFile; fileRef = 57EACD611FD99F1A0099A04D /* AppDelegate.swift */; };
		57EACD641FD99F1A0099A04D /* ViewController.swift in Sources */ = {isa = PBXBuildFile; fileRef = 57EACD631FD99F1A0099A04D /* ViewController.swift */; };
		57EACD671FD99F1A0099A04D /* Main.storyboard in Resources */ = {isa = PBXBuildFile; fileRef = 57EACD651FD99F1A0099A04D /* Main.storyboard */; };
		57EACD691FD99F1A0099A04D /* Assets.xcassets in Resources */ = {isa = PBXBuildFile; fileRef = 57EACD681FD99F1A0099A04D /* Assets.xcassets */; };
		57EACD6C1FD99F1A0099A04D /* LaunchScreen.storyboard in Resources */ = {isa = PBXBuildFile; fileRef = 57EACD6A1FD99F1A0099A04D /* LaunchScreen.storyboard */; };
/* End PBXBuildFile section */

/* Begin PBXFileReference section */
		57EACD5E1FD99F1A0099A04D /* dsfkm.app */ = {isa = PBXFileReference; explicitFileType = wrapper.application; includeInIndex = 0; path = dsfkm.app; sourceTree = BUILT_PRODUCTS_DIR; };
		57EACD611FD99F1A0099A04D /* AppDelegate.swift */ = {isa = PBXFileReference; lastKnownFileType = sourcecode.swift; path = AppDelegate.swift; sourceTree = "<group>"; };
		57EACD631FD99F1A0099A04D /* ViewController.swift */ = {isa = PBXFileReference; lastKnownFileType = sourcecode.swift; path = ViewController.swift; sourceTree = "<group>"; };
		57EACD661FD99F1A0099A04D /* Base */ = {isa = PBXFileReference; lastKnownFileType = file.storyboard; name = Base; path = Base.lproj/Main.storyboard; sourceTree = "<group>"; };
		57EACD681FD99F1A0099A04D /* Assets.xcassets */ = {isa = PBXFileReference; lastKnownFileType = folder.assetcatalog; path = Assets.xcassets; sourceTree = "<group>"; };
		57EACD6B1FD99F1A0099A04D /* Base */ = {isa = PBXFileReference; lastKnownFileType = file.storyboard; name = Base; path = Base.lproj/LaunchScreen.storyboard; sourceTree = "<group>"; };
		57EACD6D1FD99F1A0099A04D /* Info.plist */ = {isa = PBXFileReference; lastKnownFileType = text.plist.xml; path = Info.plist; sourceTree = "<group>"; };
/* End PBXFileReference section */

/* Begin PBXFrameworksBuildPhase section */
		57EACD5B1FD99F1A0099A04D /* Frameworks */ = {
			isa = PBXFrameworksBuildPhase;
			buildActionMask = 2147483647;
			files = (
			);
			runOnlyForDeploymentPostprocessing = 0;
		};
/* End PBXFrameworksBuildPhase section */

/* Begin PBXGroup section */
		57EACD551FD99F1A0099A04D = {
			isa = PBXGroup;
			children = (
				57EACD601FD99F1A0099A04D /* dsfkm */,
				57EACD5F1FD99F1A0099A04D /* Products */,
			);
			sourceTree = "<group>";
		};
		57EACD5F1FD99F1A0099A04D /* Products */ = {
			isa = PBXGroup;
			children = (
				57EACD5E1FD99F1A0099A04D /* dsfkm.app */,
			);
			name = Products;
			sourceTree = "<group>";
		};
		57EACD601FD99F1A0099A04D /* dsfkm */ = {
			isa = PBXGroup;
			children = (
				57EACD611FD99F1A0099A04D /* AppDelegate.swift */,
				57EACD631FD99F1A0099A04D /* ViewController.swift */,
				57EACD651FD99F1A0099A04D /* Main.storyboard */,
				57EACD681FD99F1A0099A04D /* Assets.xcassets */,
				57EACD6A1FD99F1A0099A04D /* LaunchScreen.storyboard */,
				57EACD6D1FD99F1A0099A04D /* Info.plist */,
			);
			path = dsfkm;
			sourceTree = "<group>";
		};
/* End PBXGroup section */

/* Begin PBXNativeTarget section */
		57EACD5D1FD99F1A0099A04D /* dsfkm */ = {
			isa = PBXNativeTarget;
			buildConfigurationList = 57EACD701FD99F1A0099A04D /* Build configuration list for PBXNativeTarget "dsfkm" */;
			buildPhases = (
				57EACD5A1FD99F1A0099A04D /* Sources */,
				57EACD5B1FD99F1A0099A04D /* Frameworks */,
				57EACD5C1FD99F1A0099A04D /* Resources */,
			);
			buildRules = (
			);
			dependencies = (
			);
			name = dsfkm;
			productName = dsfkm;
			productReference = 57EACD5E1FD99F1A0099A04D /* dsfkm.app */;
			productType = "com.apple.product-type.application";
		};
/* End PBXNativeTarget section */

/* Begin PBXProject section */
		57EACD561FD99F1A0099A04D /* Project object */ = {
			isa = PBXProject;
			attributes = {
				LastSwiftUpdateCheck = 0920;
				LastUpgradeCheck = 0920;
				ORGANIZATIONNAME = "Michele Golino";
				TargetAttributes = {
					57EACD5D1FD99F1A0099A04D = {
						CreatedOnToolsVersion = 9.2;
						ProvisioningStyle = Automatic;
					};
				};
			};
			buildConfigurationList = 57EACD591FD99F1A0099A04D /* Build configuration list for PBXProject "dsfkm" */;
			compatibilityVersion = "Xcode 8.0";
			developmentRegion = en;
			hasScannedForEncodings = 0;
			knownRegions = (
				en,
				Base,
			);
			mainGroup = 57EACD551FD99F1A0099A04D;
			productRefGroup = 57EACD5F1FD99F1A0099A04D /* Products */;
			projectDirPath = "";
			projectRoot = "";
			targets = (
				57EACD5D1FD99F1A0099A04D /* dsfkm */,
			);
		};
/* End PBXProject section */

/* Begin PBXResourcesBuildPhase section */
		57EACD5C1FD99F1A0099A04D /* Resources */ = {
			isa = PBXResourcesBuildPhase;
			buildActionMask = 2147483647;
			files = (
				57EACD6C1FD99F1A0099A04D /* LaunchScreen.storyboard in Resources */,
				57EACD691FD99F1A0099A04D /* Assets.xcassets in Resources */,
				57EACD671FD99F1A0099A04D /* Main.storyboard in Resources */,
			);
			runOnlyForDeploymentPostprocessing = 0;
		};
/* End PBXResourcesBuildPhase section */

/* Begin PBXSourcesBuildPhase section */
		57EACD5A1FD99F1A0099A04D /* Sources */ = {
			isa = PBXSourcesBuildPhase;
			buildActionMask = 2147483647;
			files = (
				57EACD641FD99F1A0099A04D /* ViewController.swift in Sources */,
				57EACD621FD99F1A0099A04D /* AppDelegate.swift in Sources */,
			);
			runOnlyForDeploymentPostprocessing = 0;
		};
/* End PBXSourcesBuildPhase section */

/* Begin PBXVariantGroup section */
		57EACD651FD99F1A0099A04D /* Main.storyboard */ = {
			isa = PBXVariantGroup;
			children = (
				57EACD661FD99F1A0099A04D /* Base */,
			);
			name = Main.storyboard;
			sourceTree = "<group>";
		};
		57EACD6A1FD99F1A0099A04D /* LaunchScreen.storyboard */ = {
			isa = PBXVariantGroup;
			children = (
				57EACD6B1FD99F1A0099A04D /* Base */,
			);
			name = LaunchScreen.storyboard;
			sourceTree = "<group>";
		};
/* End PBXVariantGroup section */

/* Begin XCBuildConfiguration section */
		57EACD6E1FD99F1A0099A04D /* Debug */ = {
			isa = XCBuildConfiguration;
			buildSettings = {
				ALWAYS_SEARCH_USER_PATHS = NO;
				CLANG_ANALYZER_NONNULL = YES;
				CLANG_ANALYZER_NUMBER_OBJECT_CONVERSION = YES_AGGRESSIVE;
				CLANG_CXX_LANGUAGE_STANDARD = "gnu++14";
				CLANG_CXX_LIBRARY = "libc++";
				CLANG_ENABLE_MODULES = YES;
				CLANG_ENABLE_OBJC_ARC = YES;
				CLANG_WARN_BLOCK_CAPTURE_AUTORELEASING = YES;
				CLANG_WARN_BOOL_CONVERSION = YES;
				CLANG_WARN_COMMA = YES;
				CLANG_WARN_CONSTANT_CONVERSION = YES;
				CLANG_WARN_DIRECT_OBJC_ISA_USAGE = YES_ERROR;
				CLANG_WARN_DOCUMENTATION_COMMENTS = YES;
				CLANG_WARN_EMPTY_BODY = YES;
				CLANG_WARN_ENUM_CONVERSION = YES;
				CLANG_WARN_INFINITE_RECURSION = YES;
				CLANG_WARN_INT_CONVERSION = YES;
				CLANG_WARN_NON_LITERAL_NULL_CONVERSION = YES;
				CLANG_WARN_OBJC_LITERAL_CONVERSION = YES;
				CLANG_WARN_OBJC_ROOT_CLASS = YES_ERROR;
				CLANG_WARN_RANGE_LOOP_ANALYSIS = YES;
				CLANG_WARN_STRICT_PROTOTYPES = YES;
				CLANG_WARN_SUSPICIOUS_MOVE = YES;
				CLANG_WARN_UNGUARDED_AVAILABILITY = YES_AGGRESSIVE;
				CLANG_WARN_UNREACHABLE_CODE = YES;
				CLANG_WARN__DUPLICATE_METHOD_MATCH = YES;
				CODE_SIGN_IDENTITY = "iPhone Developer";
				COPY_PHASE_STRIP = NO;
				DEBUG_INFORMATION_FORMAT = dwarf;
				ENABLE_STRICT_OBJC_MSGSEND = YES;
				ENABLE_TESTABILITY = YES;
				GCC_C_LANGUAGE_STANDARD = gnu11;
				GCC_DYNAMIC_NO_PIC = NO;
				GCC_NO_COMMON_BLOCKS = YES;
				GCC_OPTIMIZATION_LEVEL = 0;
				GCC_PREPROCESSOR_DEFINITIONS = (
					"DEBUG=1",
					"$(inherited)",
				);
				GCC_WARN_64_TO_32_BIT_CONVERSION = YES;
				GCC_WARN_ABOUT_RETURN_TYPE = YES_ERROR;
				GCC_WARN_UNDECLARED_SELECTOR = YES;
				GCC_WARN_UNINITIALIZED_AUTOS = YES_AGGRESSIVE;
				GCC_WARN_UNUSED_FUNCTION = YES;
				GCC_WARN_UNUSED_VARIABLE = YES;
				IPHONEOS_DEPLOYMENT_TARGET = 11.2;
				MTL_ENABLE_DEBUG_INFO = YES;
				ONLY_ACTIVE_ARCH = YES;
				SDKROOT = iphoneos;
				SWIFT_ACTIVE_COMPILATION_CONDITIONS = DEBUG;
				SWIFT_OPTIMIZATION_LEVEL = "-Onone";
			};
			name = Debug;
		};
		57EACD6F1FD99F1A0099A04D /* Release */ = {
			isa = XCBuildConfiguration;
			buildSettings = {
				ALWAYS_SEARCH_USER_PATHS = NO;
				CLANG_ANALYZER_NONNULL = YES;
				CLANG_ANALYZER_NUMBER_OBJECT_CONVERSION = YES_AGGRESSIVE;
				CLANG_CXX_LANGUAGE_STANDARD = "gnu++14";
				CLANG_CXX_LIBRARY = "libc++";
				CLANG_ENABLE_MODULES = YES;
				CLANG_ENABLE_OBJC_ARC = YES;
				CLANG_WARN_BLOCK_CAPTURE_AUTORELEASING = YES;
				CLANG_WARN_BOOL_CONVERSION = YES;
				CLANG_WARN_COMMA = YES;
				CLANG_WARN_CONSTANT_CONVERSION = YES;
				CLANG_WARN_DIRECT_OBJC_ISA_USAGE = YES_ERROR;
				CLANG_WARN_DOCUMENTATION_COMMENTS = YES;
				CLANG_WARN_EMPTY_BODY = YES;
				CLANG_WARN_ENUM_CONVERSION = YES;
				CLANG_WARN_INFINITE_RECURSION = YES;
				CLANG_WARN_INT_CONVERSION = YES;
				CLANG_WARN_NON_LITERAL_NULL_CONVERSION = YES;
				CLANG_WARN_OBJC_LITERAL_CONVERSION = YES;
				CLANG_WARN_OBJC_ROOT_CLASS = YES_ERROR;
				CLANG_WARN_RANGE_LOOP_ANALYSIS = YES;
				CLANG_WARN_STRICT_PROTOTYPES = YES;
				CLANG_WARN_SUSPICIOUS_MOVE = YES;
				CLANG_WARN_UNGUARDED_AVAILABILITY = YES_AGGRESSIVE;
				CLANG_WARN_UNREACHABLE_CODE = YES;
				CLANG_WARN__DUPLICATE_METHOD_MATCH = YES;
				CODE_SIGN_IDENTITY = "iPhone Developer";
				COPY_PHASE_STRIP = NO;
				DEBUG_INFORMATION_FORMAT = "dwarf-with-dsym";
				ENABLE_NS_ASSERTIONS = NO;
				ENABLE_STRICT_OBJC_MSGSEND = YES;
				GCC_C_LANGUAGE_STANDARD = gnu11;
				GCC_NO_COMMON_BLOCKS = YES;
				GCC_WARN_64_TO_32_BIT_CONVERSION = YES;
				GCC_WARN_ABOUT_RETURN_TYPE = YES_ERROR;
				GCC_WARN_UNDECLARED_SELECTOR = YES;
				GCC_WARN_UNINITIALIZED_AUTOS = YES_AGGRESSIVE;
				GCC_WARN_UNUSED_FUNCTION = YES;
				GCC_WARN_UNUSED_VARIABLE = YES;
				IPHONEOS_DEPLOYMENT_TARGET = 11.2;
				MTL_ENABLE_DEBUG_INFO = NO;
				SDKROOT = iphoneos;
				SWIFT_OPTIMIZATION_LEVEL = "-Owholemodule";
				VALIDATE_PRODUCT = YES;
			};
			name = Release;
		};
		57EACD711FD99F1A0099A04D /* Debug */ = {
			isa = XCBuildConfiguration;
			buildSettings = {
				ASSETCATALOG_COMPILER_APPICON_NAME = AppIcon;
				CODE_SIGN_STYLE = Automatic;
				DEVELOPMENT_TEAM = WHDFUHCE44;
				INFOPLIST_FILE = dsfkm/Info.plist;
				LD_RUNPATH_SEARCH_PATHS = "$(inherited) @executable_path/Frameworks";
				PRODUCT_BUNDLE_IDENTIFIER = "michele-golino.dsfkm";
				PRODUCT_NAME = "$(TARGET_NAME)";
				SWIFT_VERSION = 4.0;
				TARGETED_DEVICE_FAMILY = "1,2";
			};
			name = Debug;
		};
		57EACD721FD99F1A0099A04D /* Release */ = {
			isa = XCBuildConfiguration;
			buildSettings = {
				ASSETCATALOG_COMPILER_APPICON_NAME = AppIcon;
				CODE_SIGN_STYLE = Automatic;
				DEVELOPMENT_TEAM = WHDFUHCE44;
				INFOPLIST_FILE = dsfkm/Info.plist;
				LD_RUNPATH_SEARCH_PATHS = "$(inherited) @executable_path/Frameworks";
				PRODUCT_BUNDLE_IDENTIFIER = "michele-golino.dsfkm";
				PRODUCT_NAME = "$(TARGET_NAME)";
				SWIFT_VERSION = 4.0;
				TARGETED_DEVICE_FAMILY = "1,2";
			};
			name = Release;
		};
/* End XCBuildConfiguration section */

/* Begin XCConfigurationList section */
		57EACD591FD99F1A0099A04D /* Build configuration list for PBXProject "dsfkm" */ = {
			isa = XCConfigurationList;
			buildConfigurations = (
				57EACD6E1FD99F1A0099A04D /* Debug */,
				57EACD6F1FD99F1A0099A04D /* Release */,
			);
			defaultConfigurationIsVisible = 0;
			defaultConfigurationName = Release;
		};
		57EACD701FD99F1A0099A04D /* Build configuration list for PBXNativeTarget "dsfkm" */ = {
			isa = XCConfigurationList;
			buildConfigurations = (
				57EACD711FD99F1A0099A04D /* Debug */,
				57EACD721FD99F1A0099A04D /* Release */,
			);
			defaultConfigurationIsVisible = 0;
			defaultConfigurationName = Release;
		};
/* End XCConfigurationList section */
	};
	rootObject = 57EACD561FD99F1A0099A04D /* Project object */;
}
